{
  "name": "partial-record-repro",
  "version": "1.0.0",
  "lockfileVersion": 1,
  "requires": true,
  "dependencies": {
    "fast-check": {
      "version": "2.6.0",
      "resolved": "https://registry.npmjs.org/fast-check/-/fast-check-2.6.0.tgz",
      "integrity": "sha512-Wpz0mMPGxvOtMBaEguu5Pw35uTVfJzAUqRYQksiHk6vHKBV2YNeKk9BzTuqVCYwUIl+NELyPBY2Mg96sYk2fhw==",
      "requires": {
        "pure-rand": "^3.0.0"
      }
    },
    "pure-rand": {
      "version": "3.1.0",
      "resolved": "https://registry.npmjs.org/pure-rand/-/pure-rand-3.1.0.tgz",
      "integrity": "sha512-xkCSMNjEnLG/A8iTH9M5ayXN4SCWRP+ih3rxi09Q7Fu0b9jAP6V9H59pOtcB37IsVt3eHxf1FMy9n7YrqdDdSA=="
    },
    "typescript": {
      "version": "4.0.5",
      "resolved": "https://registry.npmjs.org/typescript/-/typescript-4.0.5.tgz",
      "integrity": "sha512-ywmr/VrTVCmNTJ6iV2LwIrfG1P+lv6luD8sUJs+2eI9NLGigaN+nUQc13iHqisq7bra9lnmUSYqbJvegraBOPQ=="
    }
  }
}
